// !$*UTF8*$!
{
	archiveVersion = 1;
	classes = {
	};
	objectVersion = 55;
	objects = {

/* Begin PBXBuildFile section */
		D0AA22C627A0F3B500FC6F06 /* AppDelegate.swift in Sources */ = {isa = PBXBuildFile; fileRef = D0AA22C527A0F3B500FC6F06 /* AppDelegate.swift */; };
		D0AA22C827A0F3B500FC6F06 /* SceneDelegate.swift in Sources */ = {isa = PBXBuildFile; fileRef = D0AA22C727A0F3B500FC6F06 /* SceneDelegate.swift */; };
		D0AA22CF27A0F3B700FC6F06 /* Assets.xcassets in Resources */ = {isa = PBXBuildFile; fileRef = D0AA22CE27A0F3B700FC6F06 /* Assets.xcassets */; };
		D0AA22D227A0F3B700FC6F06 /* LaunchScreen.storyboard in Resources */ = {isa = PBXBuildFile; fileRef = D0AA22D027A0F3B700FC6F06 /* LaunchScreen.storyboard */; };
		D0AA22DC27A0F3FC00FC6F06 /* MainViewController.swift in Sources */ = {isa = PBXBuildFile; fileRef = D0AA22DA27A0F3FC00FC6F06 /* MainViewController.swift */; };
		D0AA22DD27A0F3FC00FC6F06 /* MainViewController.xib in Resources */ = {isa = PBXBuildFile; fileRef = D0AA22DB27A0F3FC00FC6F06 /* MainViewController.xib */; };
		D0AA22E227A2CCF000FC6F06 /* IU-ImageClassifier.mlproj in Resources */ = {isa = PBXBuildFile; fileRef = D0AA22E127A2CCF000FC6F06 /* IU-ImageClassifier.mlproj */; };
/* End PBXBuildFile section */

/* Begin PBXFileReference section */
		D0AA22C227A0F3B500FC6F06 /* CoreML Demo.app */ = {isa = PBXFileReference; explicitFileType = wrapper.application; includeInIndex = 0; path = "CoreML Demo.app"; sourceTree = BUILT_PRODUCTS_DIR; };
		D0AA22C527A0F3B500FC6F06 /* AppDelegate.swift */ = {isa = PBXFileReference; lastKnownFileType = sourcecode.swift; path = AppDelegate.swift; sourceTree = "<group>"; };
		D0AA22C727A0F3B500FC6F06 /* SceneDelegate.swift */ = {isa = PBXFileReference; lastKnownFileType = sourcecode.swift; path = SceneDelegate.swift; sourceTree = "<group>"; };
		D0AA22CE27A0F3B700FC6F06 /* Assets.xcassets */ = {isa = PBXFileReference; lastKnownFileType = folder.assetcatalog; path = Assets.xcassets; sourceTree = "<group>"; };
		D0AA22D127A0F3B700FC6F06 /* Base */ = {isa = PBXFileReference; lastKnownFileType = file.storyboard; name = Base; path = Base.lproj/LaunchScreen.storyboard; sourceTree = "<group>"; };
		D0AA22D327A0F3B700FC6F06 /* Info.plist */ = {isa = PBXFileReference; lastKnownFileType = text.plist.xml; path = Info.plist; sourceTree = "<group>"; };
		D0AA22DA27A0F3FC00FC6F06 /* MainViewController.swift */ = {isa = PBXFileReference; lastKnownFileType = sourcecode.swift; path = MainViewController.swift; sourceTree = "<group>"; };
		D0AA22DB27A0F3FC00FC6F06 /* MainViewController.xib */ = {isa = PBXFileReference; lastKnownFileType = file.xib; path = MainViewController.xib; sourceTree = "<group>"; };
		D0AA22E127A2CCF000FC6F06 /* IU-ImageClassifier.mlproj */ = {isa = PBXFileReference; lastKnownFileType = wrapper; path = "IU-ImageClassifier.mlproj"; sourceTree = "<group>"; };
/* End PBXFileReference section */

/* Begin PBXFrameworksBuildPhase section */
		D0AA22BF27A0F3B500FC6F06 /* Frameworks */ = {
			isa = PBXFrameworksBuildPhase;
			buildActionMask = 2147483647;
			files = (
			);
			runOnlyForDeploymentPostprocessing = 0;
		};
/* End PBXFrameworksBuildPhase section */

/* Begin PBXGroup section */
		D0AA22B927A0F3B500FC6F06 = {
			isa = PBXGroup;
			children = (
				D0AA22C427A0F3B500FC6F06 /* CoreML Demo */,
				D0AA22C327A0F3B500FC6F06 /* Products */,
			);
			sourceTree = "<group>";
		};
		D0AA22C327A0F3B500FC6F06 /* Products */ = {
			isa = PBXGroup;
			children = (
				D0AA22C227A0F3B500FC6F06 /* CoreML Demo.app */,
			);
			name = Products;
			sourceTree = "<group>";
		};
		D0AA22C427A0F3B500FC6F06 /* CoreML Demo */ = {
			isa = PBXGroup;
			children = (
				D0AA22D927A0F3E600FC6F06 /* MainViewController */,
				D0AA22E027A2CCF000FC6F06 /* Create ML Model */,
				D0AA22C527A0F3B500FC6F06 /* AppDelegate.swift */,
				D0AA22C727A0F3B500FC6F06 /* SceneDelegate.swift */,
				D0AA22CE27A0F3B700FC6F06 /* Assets.xcassets */,
				D0AA22D027A0F3B700FC6F06 /* LaunchScreen.storyboard */,
				D0AA22D327A0F3B700FC6F06 /* Info.plist */,
			);
			path = "CoreML Demo";
			sourceTree = "<group>";
		};
		D0AA22D927A0F3E600FC6F06 /* MainViewController */ = {
			isa = PBXGroup;
			children = (
				D0AA22DA27A0F3FC00FC6F06 /* MainViewController.swift */,
				D0AA22DB27A0F3FC00FC6F06 /* MainViewController.xib */,
			);
			path = MainViewController;
			sourceTree = "<group>";
		};
		D0AA22E027A2CCF000FC6F06 /* Create ML Model */ = {
			isa = PBXGroup;
			children = (
				D0AA22E127A2CCF000FC6F06 /* IU-ImageClassifier.mlproj */,
			);
			path = "Create ML Model";
			sourceTree = "<group>";
		};
/* End PBXGroup section */

/* Begin PBXNativeTarget section */
		D0AA22C127A0F3B500FC6F06 /* CoreML Demo */ = {
			isa = PBXNativeTarget;
			buildConfigurationList = D0AA22D627A0F3B800FC6F06 /* Build configuration list for PBXNativeTarget "CoreML Demo" */;
			buildPhases = (
				D0AA22BE27A0F3B500FC6F06 /* Sources */,
				D0AA22BF27A0F3B500FC6F06 /* Frameworks */,
				D0AA22C027A0F3B500FC6F06 /* Resources */,
			);
			buildRules = (
			);
			dependencies = (
			);
			name = "CoreML Demo";
			productName = "CoreML Demo";
			productReference = D0AA22C227A0F3B500FC6F06 /* CoreML Demo.app */;
			productType = "com.apple.product-type.application";
		};
/* End PBXNativeTarget section */

/* Begin PBXProject section */
		D0AA22BA27A0F3B500FC6F06 /* Project object */ = {
			isa = PBXProject;
			attributes = {
				BuildIndependentTargetsInParallel = 1;
				LastSwiftUpdateCheck = 1310;
				LastUpgradeCheck = 1310;
				TargetAttributes = {
					D0AA22C127A0F3B500FC6F06 = {
						CreatedOnToolsVersion = 13.1;
					};
				};
			};
			buildConfigurationList = D0AA22BD27A0F3B500FC6F06 /* Build configuration list for PBXProject "CoreML Demo" */;
			compatibilityVersion = "Xcode 13.0";
			developmentRegion = en;
			hasScannedForEncodings = 0;
			knownRegions = (
				en,
				Base,
			);
			mainGroup = D0AA22B927A0F3B500FC6F06;
			productRefGroup = D0AA22C327A0F3B500FC6F06 /* Products */;
			projectDirPath = "";
			projectRoot = "";
			targets = (
				D0AA22C127A0F3B500FC6F06 /* CoreML Demo */,
			);
		};
/* End PBXProject section */

/* Begin PBXResourcesBuildPhase section */
		D0AA22C027A0F3B500FC6F06 /* Resources */ = {
			isa = PBXResourcesBuildPhase;
			buildActionMask = 2147483647;
			files = (
				D0AA22D227A0F3B700FC6F06 /* LaunchScreen.storyboard in Resources */,
				D0AA22DD27A0F3FC00FC6F06 /* MainViewController.xib in Resources */,
				D0AA22E227A2CCF000FC6F06 /* IU-ImageClassifier.mlproj in Resources */,
				D0AA22CF27A0F3B700FC6F06 /* Assets.xcassets in Resources */,
			);
			runOnlyForDeploymentPostprocessing = 0;
		};
/* End PBXResourcesBuildPhase section */

/* Begin PBXSourcesBuildPhase section */
		D0AA22BE27A0F3B500FC6F06 /* Sources */ = {
			isa = PBXSourcesBuildPhase;
			buildActionMask = 2147483647;
			files = (
				D0AA22DC27A0F3FC00FC6F06 /* MainViewController.swift in Sources */,
				D0AA22C627A0F3B500FC6F06 /* AppDelegate.swift in Sources */,
				D0AA22C827A0F3B500FC6F06 /* SceneDelegate.swift in Sources */,
			);
			runOnlyForDeploymentPostprocessing = 0;
		};
/* End PBXSourcesBuildPhase section */

/* Begin PBXVariantGroup section */
		D0AA22D027A0F3B700FC6F06 /* LaunchScreen.storyboard */ = {
			isa = PBXVariantGroup;
			children = (
				D0AA22D127A0F3B700FC6F06 /* Base */,
			);
			name = LaunchScreen.storyboard;
			sourceTree = "<group>";
		};
/* End PBXVariantGroup section */

/* Begin XCBuildConfiguration section */
		D0AA22D427A0F3B800FC6F06 /* Debug */ = {
			isa = XCBuildConfiguration;
			buildSettings = {
				ALWAYS_SEARCH_USER_PATHS = NO;
				CLANG_ANALYZER_NONNULL = YES;
				CLANG_ANALYZER_NUMBER_OBJECT_CONVERSION = YES_AGGRESSIVE;
				CLANG_CXX_LANGUAGE_STANDARD = "gnu++17";
				CLANG_CXX_LIBRARY = "libc++";
				CLANG_ENABLE_MODULES = YES;
				CLANG_ENABLE_OBJC_ARC = YES;
				CLANG_ENABLE_OBJC_WEAK = YES;
				CLANG_WARN_BLOCK_CAPTURE_AUTORELEASING = YES;
				CLANG_WARN_BOOL_CONVERSION = YES;
				CLANG_WARN_COMMA = YES;
				CLANG_WARN_CONSTANT_CONVERSION = YES;
				CLANG_WARN_DEPRECATED_OBJC_IMPLEMENTATIONS = YES;
				CLANG_WARN_DIRECT_OBJC_ISA_USAGE = YES_ERROR;
				CLANG_WARN_DOCUMENTATION_COMMENTS = YES;
				CLANG_WARN_EMPTY_BODY = YES;
				CLANG_WARN_ENUM_CONVERSION = YES;
				CLANG_WARN_INFINITE_RECURSION = YES;
				CLANG_WARN_INT_CONVERSION = YES;
				CLANG_WARN_NON_LITERAL_NULL_CONVERSION = YES;
				CLANG_WARN_OBJC_IMPLICIT_RETAIN_SELF = YES;
				CLANG_WARN_OBJC_LITERAL_CONVERSION = YES;
				CLANG_WARN_OBJC_ROOT_CLASS = YES_ERROR;
				CLANG_WARN_QUOTED_INCLUDE_IN_FRAMEWORK_HEADER = YES;
				CLANG_WARN_RANGE_LOOP_ANALYSIS = YES;
				CLANG_WARN_STRICT_PROTOTYPES = YES;
				CLANG_WARN_SUSPICIOUS_MOVE = YES;
				CLANG_WARN_UNGUARDED_AVAILABILITY = YES_AGGRESSIVE;
				CLANG_WARN_UNREACHABLE_CODE = YES;
				CLANG_WARN__DUPLICATE_METHOD_MATCH = YES;
				COPY_PHASE_STRIP = NO;
				DEBUG_INFORMATION_FORMAT = dwarf;
				ENABLE_STRICT_OBJC_MSGSEND = YES;
				ENABLE_TESTABILITY = YES;
				GCC_C_LANGUAGE_STANDARD = gnu11;
				GCC_DYNAMIC_NO_PIC = NO;
				GCC_NO_COMMON_BLOCKS = YES;
				GCC_OPTIMIZATION_LEVEL = 0;
				GCC_PREPROCESSOR_DEFINITIONS = (
					"DEBUG=1",
					"$(inherited)",
				);
				GCC_WARN_64_TO_32_BIT_CONVERSION = YES;
				GCC_WARN_ABOUT_RETURN_TYPE = YES_ERROR;
				GCC_WARN_UNDECLARED_SELECTOR = YES;
				GCC_WARN_UNINITIALIZED_AUTOS = YES_AGGRESSIVE;
				GCC_WARN_UNUSED_FUNCTION = YES;
				GCC_WARN_UNUSED_VARIABLE = YES;
				IPHONEOS_DEPLOYMENT_TARGET = 15.0;
				MTL_ENABLE_DEBUG_INFO = INCLUDE_SOURCE;
				MTL_FAST_MATH = YES;
				ONLY_ACTIVE_ARCH = YES;
				SDKROOT = iphoneos;
				SWIFT_ACTIVE_COMPILATION_CONDITIONS = DEBUG;
				SWIFT_OPTIMIZATION_LEVEL = "-Onone";
			};
			name = Debug;
		};
		D0AA22D527A0F3B800FC6F06 /* Release */ = {
			isa = XCBuildConfiguration;
			buildSettings = {
				ALWAYS_SEARCH_USER_PATHS = NO;
				CLANG_ANALYZER_NONNULL = YES;
				CLANG_ANALYZER_NUMBER_OBJECT_CONVERSION = YES_AGGRESSIVE;
				CLANG_CXX_LANGUAGE_STANDARD = "gnu++17";
				CLANG_CXX_LIBRARY = "libc++";
				CLANG_ENABLE_MODULES = YES;
				CLANG_ENABLE_OBJC_ARC = YES;
				CLANG_ENABLE_OBJC_WEAK = YES;
				CLANG_WARN_BLOCK_CAPTURE_AUTORELEASING = YES;
				CLANG_WARN_BOOL_CONVERSION = YES;
				CLANG_WARN_COMMA = YES;
				CLANG_WARN_CONSTANT_CONVERSION = YES;
				CLANG_WARN_DEPRECATED_OBJC_IMPLEMENTATIONS = YES;
				CLANG_WARN_DIRECT_OBJC_ISA_USAGE = YES_ERROR;
				CLANG_WARN_DOCUMENTATION_COMMENTS = YES;
				CLANG_WARN_EMPTY_BODY = YES;
				CLANG_WARN_ENUM_CONVERSION = YES;
				CLANG_WARN_INFINITE_RECURSION = YES;
				CLANG_WARN_INT_CONVERSION = YES;
				CLANG_WARN_NON_LITERAL_NULL_CONVERSION = YES;
				CLANG_WARN_OBJC_IMPLICIT_RETAIN_SELF = YES;
				CLANG_WARN_OBJC_LITERAL_CONVERSION = YES;
				CLANG_WARN_OBJC_ROOT_CLASS = YES_ERROR;
				CLANG_WARN_QUOTED_INCLUDE_IN_FRAMEWORK_HEADER = YES;
				CLANG_WARN_RANGE_LOOP_ANALYSIS = YES;
				CLANG_WARN_STRICT_PROTOTYPES = YES;
				CLANG_WARN_SUSPICIOUS_MOVE = YES;
				CLANG_WARN_UNGUARDED_AVAILABILITY = YES_AGGRESSIVE;
				CLANG_WARN_UNREACHABLE_CODE = YES;
				CLANG_WARN__DUPLICATE_METHOD_MATCH = YES;
				COPY_PHASE_STRIP = NO;
				DEBUG_INFORMATION_FORMAT = "dwarf-with-dsym";
				ENABLE_NS_ASSERTIONS = NO;
				ENABLE_STRICT_OBJC_MSGSEND = YES;
				GCC_C_LANGUAGE_STANDARD = gnu11;
				GCC_NO_COMMON_BLOCKS = YES;
				GCC_WARN_64_TO_32_BIT_CONVERSION = YES;
				GCC_WARN_ABOUT_RETURN_TYPE = YES_ERROR;
				GCC_WARN_UNDECLARED_SELECTOR = YES;
				GCC_WARN_UNINITIALIZED_AUTOS = YES_AGGRESSIVE;
				GCC_WARN_UNUSED_FUNCTION = YES;
				GCC_WARN_UNUSED_VARIABLE = YES;
				IPHONEOS_DEPLOYMENT_TARGET = 15.0;
				MTL_ENABLE_DEBUG_INFO = NO;
				MTL_FAST_MATH = YES;
				SDKROOT = iphoneos;
				SWIFT_COMPILATION_MODE = wholemodule;
				SWIFT_OPTIMIZATION_LEVEL = "-O";
				VALIDATE_PRODUCT = YES;
			};
			name = Release;
		};
		D0AA22D727A0F3B800FC6F06 /* Debug */ = {
			isa = XCBuildConfiguration;
			buildSettings = {
				ASSETCATALOG_COMPILER_APPICON_NAME = AppIcon;
				ASSETCATALOG_COMPILER_GLOBAL_ACCENT_COLOR_NAME = AccentColor;
				CODE_SIGN_STYLE = Automatic;
				CURRENT_PROJECT_VERSION = 1;
				DEVELOPMENT_TEAM = S8FBP4YLUA;
				GENERATE_INFOPLIST_FILE = YES;
				INFOPLIST_FILE = "CoreML Demo/Info.plist";
				INFOPLIST_KEY_UIApplicationSupportsIndirectInputEvents = YES;
				INFOPLIST_KEY_UILaunchStoryboardName = LaunchScreen;
				INFOPLIST_KEY_UISupportedInterfaceOrientations_iPad = "UIInterfaceOrientationPortrait UIInterfaceOrientationPortraitUpsideDown UIInterfaceOrientationLandscapeLeft UIInterfaceOrientationLandscapeRight";
				INFOPLIST_KEY_UISupportedInterfaceOrientations_iPhone = "UIInterfaceOrientationPortrait UIInterfaceOrientationLandscapeLeft UIInterfaceOrientationLandscapeRight";
				IPHONEOS_DEPLOYMENT_TARGET = 14.0;
				LD_RUNPATH_SEARCH_PATHS = (
					"$(inherited)",
					"@executable_path/Frameworks",
				);
				MARKETING_VERSION = 1.0;
				PRODUCT_BUNDLE_IDENTIFIER = "com.imac.CoreML-Demo";
				PRODUCT_NAME = "$(TARGET_NAME)";
				SWIFT_EMIT_LOC_STRINGS = YES;
				SWIFT_VERSION = 5.0;
				TARGETED_DEVICE_FAMILY = 1;
			};
			name = Debug;
		};
		D0AA22D827A0F3B800FC6F06 /* Release */ = {
			isa = XCBuildConfiguration;
			buildSettings = {
				ASSETCATALOG_COMPILER_APPICON_NAME = AppIcon;
				ASSETCATALOG_COMPILER_GLOBAL_ACCENT_COLOR_NAME = AccentColor;
				CODE_SIGN_STYLE = Automatic;
				CURRENT_PROJECT_VERSION = 1;
				DEVELOPMENT_TEAM = S8FBP4YLUA;
				GENERATE_INFOPLIST_FILE = YES;
				INFOPLIST_FILE = "CoreML Demo/Info.plist";
				INFOPLIST_KEY_UIApplicationSupportsIndirectInputEvents = YES;
				INFOPLIST_KEY_UILaunchStoryboardName = LaunchScreen;
				INFOPLIST_KEY_UISupportedInterfaceOrientations_iPad = "UIInterfaceOrientationPortrait UIInterfaceOrientationPortraitUpsideDown UIInterfaceOrientationLandscapeLeft UIInterfaceOrientationLandscapeRight";
				INFOPLIST_KEY_UISupportedInterfaceOrientations_iPhone = "UIInterfaceOrientationPortrait UIInterfaceOrientationLandscapeLeft UIInterfaceOrientationLandscapeRight";
				IPHONEOS_DEPLOYMENT_TARGET = 14.0;
				LD_RUNPATH_SEARCH_PATHS = (
					"$(inherited)",
					"@executable_path/Frameworks",
				);
				MARKETING_VERSION = 1.0;
				PRODUCT_BUNDLE_IDENTIFIER = "com.imac.CoreML-Demo";
				PRODUCT_NAME = "$(TARGET_NAME)";
				SWIFT_EMIT_LOC_STRINGS = YES;
				SWIFT_VERSION = 5.0;
				TARGETED_DEVICE_FAMILY = 1;
			};
			name = Release;
		};
/* End XCBuildConfiguration section */

/* Begin XCConfigurationList section */
		D0AA22BD27A0F3B500FC6F06 /* Build configuration list for PBXProject "CoreML Demo" */ = {
			isa = XCConfigurationList;
			buildConfigurations = (
				D0AA22D427A0F3B800FC6F06 /* Debug */,
				D0AA22D527A0F3B800FC6F06 /* Release */,
			);
			defaultConfigurationIsVisible = 0;
			defaultConfigurationName = Release;
		};
		D0AA22D627A0F3B800FC6F06 /* Build configuration list for PBXNativeTarget "CoreML Demo" */ = {
			isa = XCConfigurationList;
			buildConfigurations = (
				D0AA22D727A0F3B800FC6F06 /* Debug */,
				D0AA22D827A0F3B800FC6F06 /* Release */,
			);
			defaultConfigurationIsVisible = 0;
			defaultConfigurationName = Release;
		};
/* End XCConfigurationList section */
	};
	rootObject = D0AA22BA27A0F3B500FC6F06 /* Project object */;
}
